{
	"name": "couer-mongostore",
	"version": "1.0.0",
	"lockfileVersion": 1,
	"requires": true,
	"dependencies": {
		"bson": {
			"version": "1.0.6",
			"resolved": "https://registry.npmjs.org/bson/-/bson-1.0.6.tgz",
			"integrity": "sha512-D8zmlb46xfuK2gGvKmUjIklQEouN2nQ0LEHHeZ/NoHM2LDiMk2EYzZ5Ntw/Urk+bgMDosOZxaRzXxvhI5TcAVQ=="
		},
		"bytes": {
			"version": "3.0.0",
			"resolved": "https://registry.npmjs.org/bytes/-/bytes-3.0.0.tgz",
			"integrity": "sha1-0ygVQE1olpn4Wk6k+odV3ROpYEg="
		},
		"concurrify": {
			"version": "1.0.3",
			"resolved": "https://registry.npmjs.org/concurrify/-/concurrify-1.0.3.tgz",
			"integrity": "sha512-JD6d0+A/M/IpkLVwv0lw3+tQmEbRgHRXoWs4A46zTa1oDZ2Y28HVWs+gwSzbxZ7+ZPlT4pj7XREI7Yt0U815sQ==",
			"requires": {
				"sanctuary-type-classes": "8.1.1",
				"sanctuary-type-identifiers": "2.0.1"
			}
		},
		"debug": {
			"version": "3.1.0",
			"resolved": "https://registry.npmjs.org/debug/-/debug-3.1.0.tgz",
			"integrity": "sha512-OX8XqP7/1a9cqkxYw2yXss15f26NKWBpDXQd0/uK/KPqdQhxbPa994hnzjcE2VqQpDslf55723cKPUOGSmMY3g==",
			"requires": {
				"ms": "2.0.0"
			}
		},
		"denque": {
			"version": "1.2.3",
			"resolved": "https://registry.npmjs.org/denque/-/denque-1.2.3.tgz",
			"integrity": "sha512-BOjyD1zPf7gqgXlXBCnCsz84cbRNfqpQNvWOUiw3Onu9s7a2afW2LyHzctoie/2KELfUoZkNHTnW02C3hCU20w=="
		},
		"fluture": {
			"version": "8.0.2",
			"resolved": "https://registry.npmjs.org/fluture/-/fluture-8.0.2.tgz",
			"integrity": "sha512-RqYYwq0U+/yBOU+5qHmlNK/qZVU1xwSpRqSVDTt8SXUVhdFJuxRcda/u/YHL/BhGoJ4L3ETA9Y/OuyTF4Q5rLw==",
			"requires": {
				"concurrify": "1.0.3",
				"denque": "1.2.3",
				"inspect-f": "1.2.2",
				"sanctuary-type-classes": "8.1.1",
				"sanctuary-type-identifiers": "2.0.1"
			}
		},
		"inspect-f": {
			"version": "1.2.2",
			"resolved": "https://registry.npmjs.org/inspect-f/-/inspect-f-1.2.2.tgz",
			"integrity": "sha512-kHR/iUJ670cg9QLeoEhyzp/kqzBnPvXfzl+wE72+sOPuVv1vfXBwvWIFcr8DqnNSN44SDw9U41m4HEUSam1K2A=="
		},
		"mongodb": {
			"version": "3.0.5",
			"resolved": "https://registry.npmjs.org/mongodb/-/mongodb-3.0.5.tgz",
			"integrity": "sha512-8ioTyyc8tkNwZCTDa1FPWvmpJFfvE484DnugC8KpVrw4AKAE03OOAlORl2yYTNtz3TX4Ab7FRo00vzgexB/67A==",
			"requires": {
				"mongodb-core": "3.0.5"
			}
		},
		"mongodb-core": {
			"version": "3.0.5",
			"resolved": "https://registry.npmjs.org/mongodb-core/-/mongodb-core-3.0.5.tgz",
			"integrity": "sha512-4A1nx/xAU5d/NPICjiyzVxzNrIdJQQsYRe3xQkV1O638t+fHHfAOLK+SQagqGnu1m0aeSxb1ixp/P0FGSQWIGA==",
			"requires": {
				"bson": "1.0.6",
				"require_optional": "1.0.1"
			}
		},
		"ms": {
			"version": "2.0.0",
			"resolved": "https://registry.npmjs.org/ms/-/ms-2.0.0.tgz",
			"integrity": "sha1-VgiurfwAvmwpAd9fmGF4jeDVl8g="
		},
		"ramda": {
			"version": "0.25.0",
			"resolved": "https://registry.npmjs.org/ramda/-/ramda-0.25.0.tgz",
			"integrity": "sha512-GXpfrYVPwx3K7RQ6aYT8KPS8XViSXUVJT1ONhoKPE9VAleW42YE+U+8VEyGWt41EnEQW7gwecYJriTI0pKoecQ=="
		},
		"require_optional": {
			"version": "1.0.1",
			"resolved": "https://registry.npmjs.org/require_optional/-/require_optional-1.0.1.tgz",
			"integrity": "sha512-qhM/y57enGWHAe3v/NcwML6a3/vfESLe/sGM2dII+gEO0BpKRUkWZow/tyloNqJyN6kXSl3RyyM8Ll5D/sJP8g==",
			"requires": {
				"resolve-from": "2.0.0",
				"semver": "5.5.0"
			}
		},
		"resolve-from": {
			"version": "2.0.0",
			"resolved": "https://registry.npmjs.org/resolve-from/-/resolve-from-2.0.0.tgz",
			"integrity": "sha1-lICrIOlP+h2egKgEx+oUdhGWa1c="
		},
		"sanctuary-type-classes": {
			"version": "8.1.1",
			"resolved": "https://registry.npmjs.org/sanctuary-type-classes/-/sanctuary-type-classes-8.1.1.tgz",
			"integrity": "sha512-imwUw7nB1nWMa2OOd05Lr+CqoujDnOIOZpjOFXF6mvA77zmSW1G/ReCYDOBfaQPVOP7X7j85ITP71QLNbch6WQ==",
			"requires": {
				"sanctuary-type-identifiers": "1.0.0"
			},
			"dependencies": {
				"sanctuary-type-identifiers": {
					"version": "1.0.0",
					"resolved": "https://registry.npmjs.org/sanctuary-type-identifiers/-/sanctuary-type-identifiers-1.0.0.tgz",
					"integrity": "sha1-6PNZ8AbLXmJM+4RkYD/BFGCL3p8="
				}
			}
		},
		"sanctuary-type-identifiers": {
			"version": "2.0.1",
			"resolved": "https://registry.npmjs.org/sanctuary-type-identifiers/-/sanctuary-type-identifiers-2.0.1.tgz",
			"integrity": "sha1-/FJM9t2Szr/LsN2VCe/xkxWaIO0="
		},
		"semver": {
			"version": "5.5.0",
			"resolved": "https://registry.npmjs.org/semver/-/semver-5.5.0.tgz",
			"integrity": "sha512-4SJ3dm0WAwWy/NVeioZh5AntkdJoWKxHxcmyP622fOkgHa4z3R0TdBJICINyaSDE6uNwVc8gZr+ZinwZAH4xIA=="
		}
	}
}
